PODS:
  - crowdplaysdk (0.1.68)
  - iOSSnapshotTestCase (8.0.0):
    - iOSSnapshotTestCase/SwiftSupport (= 8.0.0)
  - iOSSnapshotTestCase/Core (8.0.0)
  - iOSSnapshotTestCase/SwiftSupport (8.0.0):
    - iOSSnapshotTestCase/Core
  - Nimble (12.3.0)
  - Nimble-Snapshots (9.6.1):
    - Nimble-Snapshots/Core (= 9.6.1)
  - Nimble-Snapshots/Core (9.6.1):
    - iOSSnapshotTestCase (~> 8.0)
    - Nimble (~> 12.0)
  - Quick (2.2.1)

DEPENDENCIES:
  - crowdplaysdk (from `../`)
  - Nimble (~> 12.0)
  - Nimble-Snapshots (~> 9.6.1)
  - Quick (~> 2.2.0)

SPEC REPOS:
  trunk:
    - iOSSnapshotTestCase
    - Nimble
    - Nimble-Snapshots
    - Quick

EXTERNAL SOURCES:
  crowdplaysdk:
    :path: "../"

SPEC CHECKSUMS:
  crowdplaysdk: 476616eaade7ac51f2b43bb4217f97109af28e6e
  iOSSnapshotTestCase: a670511f9ee3829c2b9c23e6e68f315fd7b6790f
  Nimble: f8a8219d16f176429b951e8f7e72df5c23ceddc0
  Nimble-Snapshots: 4988d1cf2fe062f13bd2eb87c4279770785e682b
  Quick: f5754d69b7013f5864c29aab9ae6f0c79c5bc200

PODFILE CHECKSUM: c81e3773fc61362d1d2e87ea0559febced5731b1

COCOAPODS: 1.15.2
